{
    "_readme": [
        "This file locks the dependencies of your project to a known state",
        "Read more about it at https://getcomposer.org/doc/01-basic-usage.md#installing-dependencies",
        "This file is @generated automatically"
    ],
    "content-hash": "1c4829aa5322f0fa85abea0361075251",
    "packages": [
        {
            "name": "phar-io/executor",
            "version": "dev-master",
            "source": {
                "type": "git",
                "url": "https://github.com/phar-io/executor.git",
                "reference": "73ee06f202bf07acc6d2da9bb383bda3e91784ba"
            },
            "dist": {
                "type": "zip",
                "url": "https://api.github.com/repos/phar-io/executor/zipball/73ee06f202bf07acc6d2da9bb383bda3e91784ba",
                "reference": "73ee06f202bf07acc6d2da9bb383bda3e91784ba",
                "shasum": ""
            },
            "require": {
                "phar-io/filesystem": "1.0.x-dev",
                "php": ">=5.6.0"
            },
            "type": "library",
            "extra": {
                "branch-alias": {
                    "dev-master": "1.0.x-dev"
                }
            },
            "autoload": {
                "classmap": [
                    "src/"
                ]
            },
            "notification-url": "https://packagist.org/downloads/",
            "license": [
                "BSD-3-Clause"
            ],
            "authors": [
                {
                    "name": "Arne Blankerts",
                    "email": "arne@blankerts.de",
                    "role": "Developer"
                },
                {
                    "name": "Sebastian Heuer",
                    "email": "sebastian@phpeople.de",
                    "role": "Developer"
                }
            ],
            "time": "2017-03-19T16:06:49+00:00"
        },
        {
            "name": "phar-io/filesystem",
            "version": "dev-master",
            "source": {
                "type": "git",
                "url": "https://github.com/phar-io/filesystem.git",
                "reference": "23c8537632c0127e8599d4660ed793874480dce7"
            },
            "dist": {
                "type": "zip",
                "url": "https://api.github.com/repos/phar-io/filesystem/zipball/23c8537632c0127e8599d4660ed793874480dce7",
                "reference": "23c8537632c0127e8599d4660ed793874480dce7",
                "shasum": ""
            },
            "require": {
                "php": ">=5.6.0"
            },
            "type": "library",
            "extra": {
                "branch-alias": {
                    "dev-master": "1.0.x-dev"
                }
            },
            "autoload": {
                "classmap": [
                    "src/"
                ]
            },
            "notification-url": "https://packagist.org/downloads/",
            "license": [
                "BSD-3-Clause"
            ],
            "authors": [
                {
                    "name": "Arne Blankerts",
                    "email": "arne@blankerts.de",
                    "role": "Developer"
                },
                {
                    "name": "Sebastian Heuer",
                    "email": "sebastian@phpeople.de",
                    "role": "Developer"
                }
            ],
            "time": "2018-07-06T15:18:09+00:00"
        },
        {
            "name": "phar-io/gnupg",
            "version": "dev-master",
            "source": {
                "type": "git",
                "url": "https://github.com/phar-io/gnupg.git",
                "reference": "891d3b52bae24365d297d431e9df45a0e4ec29fa"
            },
            "dist": {
                "type": "zip",
                "url": "https://api.github.com/repos/phar-io/gnupg/zipball/891d3b52bae24365d297d431e9df45a0e4ec29fa",
                "reference": "891d3b52bae24365d297d431e9df45a0e4ec29fa",
                "shasum": ""
            },
            "require": {
                "phar-io/executor": "1.0.x-dev",
                "phar-io/filesystem": "1.0.x-dev",
                "php": "^7.2"
            },
            "type": "library",
            "extra": {
                "branch-alias": {
                    "dev-master": "1.0.x-dev"
                }
            },
            "autoload": {
                "classmap": [
                    "src/"
                ]
            },
            "notification-url": "https://packagist.org/downloads/",
            "license": [
                "BSD-3-Clause"
            ],
            "authors": [
                {
                    "name": "Arne Blankerts",
                    "email": "arne@blankerts.de",
                    "role": "Developer"
                },
                {
                    "name": "Sebastian Heuer",
                    "email": "sebastian@phpeople.de",
                    "role": "Developer"
                }
            ],
            "description": "Thin GnuPG wrapper class around the gnupg binary, mimicking the pecl/gnupg api",
            "time": "2019-09-19T11:33:43+00:00"
        },
        {
            "name": "phar-io/manifest",
            "version": "1.0.3",
            "source": {
                "type": "git",
                "url": "https://github.com/phar-io/manifest.git",
                "reference": "7761fcacf03b4d4f16e7ccb606d4879ca431fcf4"
            },
            "dist": {
                "type": "zip",
                "url": "https://api.github.com/repos/phar-io/manifest/zipball/7761fcacf03b4d4f16e7ccb606d4879ca431fcf4",
                "reference": "7761fcacf03b4d4f16e7ccb606d4879ca431fcf4",
                "shasum": ""
            },
            "require": {
                "ext-dom": "*",
                "ext-phar": "*",
                "phar-io/version": "^2.0",
                "php": "^5.6 || ^7.0"
            },
            "type": "library",
            "extra": {
                "branch-alias": {
                    "dev-master": "1.0.x-dev"
                }
            },
            "autoload": {
                "classmap": [
                    "src/"
                ]
            },
            "notification-url": "https://packagist.org/downloads/",
            "license": [
                "BSD-3-Clause"
            ],
            "authors": [
                {
                    "name": "Arne Blankerts",
                    "email": "arne@blankerts.de",
                    "role": "Developer"
                },
                {
                    "name": "Sebastian Heuer",
                    "email": "sebastian@phpeople.de",
                    "role": "Developer"
                },
                {
                    "name": "Sebastian Bergmann",
                    "email": "sebastian@phpunit.de",
                    "role": "Developer"
                }
            ],
            "description": "Component for reading phar.io manifest information from a PHP Archive (PHAR)",
            "time": "2018-07-08T19:23:20+00:00"
        },
        {
            "name": "phar-io/version",
            "version": "2.0.1",
            "source": {
                "type": "git",
                "url": "https://github.com/phar-io/version.git",
                "reference": "45a2ec53a73c70ce41d55cedef9063630abaf1b6"
            },
            "dist": {
                "type": "zip",
                "url": "https://api.github.com/repos/phar-io/version/zipball/45a2ec53a73c70ce41d55cedef9063630abaf1b6",
                "reference": "45a2ec53a73c70ce41d55cedef9063630abaf1b6",
                "shasum": ""
            },
            "require": {
                "php": "^5.6 || ^7.0"
            },
            "type": "library",
            "autoload": {
                "classmap": [
                    "src/"
                ]
            },
            "notification-url": "https://packagist.org/downloads/",
            "license": [
                "BSD-3-Clause"
            ],
            "authors": [
                {
                    "name": "Arne Blankerts",
                    "email": "arne@blankerts.de",
                    "role": "Developer"
                },
                {
                    "name": "Sebastian Heuer",
                    "email": "sebastian@phpeople.de",
                    "role": "Developer"
                },
                {
                    "name": "Sebastian Bergmann",
                    "email": "sebastian@phpunit.de",
                    "role": "Developer"
                }
            ],
            "description": "Library for handling version information and constraints",
            "time": "2018-07-08T19:19:57+00:00"
        }
    ],
    "packages-dev": [
        {
            "name": "mikey179/vfsstream",
            "version": "v1.6.7",
            "source": {
                "type": "git",
                "url": "https://github.com/bovigo/vfsStream.git",
                "reference": "2b544ac3a21bcc4dde5d90c4ae8d06f4319055fb"
            },
            "dist": {
                "type": "zip",
                "url": "https://api.github.com/repos/bovigo/vfsStream/zipball/2b544ac3a21bcc4dde5d90c4ae8d06f4319055fb",
                "reference": "2b544ac3a21bcc4dde5d90c4ae8d06f4319055fb",
                "shasum": ""
            },
            "require": {
                "php": ">=5.3.0"
            },
            "require-dev": {
                "phpunit/phpunit": "^4.5|^5.0"
            },
            "type": "library",
            "extra": {
                "branch-alias": {
                    "dev-master": "1.6.x-dev"
                }
            },
            "autoload": {
                "psr-0": {
                    "org\\bovigo\\vfs\\": "src/main/php"
                }
            },
            "notification-url": "https://packagist.org/downloads/",
            "license": [
                "BSD-3-Clause"
            ],
            "authors": [
                {
                    "name": "Frank Kleine",
                    "homepage": "http://frankkleine.de/",
                    "role": "Developer"
                }
            ],
            "description": "Virtual file system to mock the real file system in unit tests.",
            "homepage": "http://vfs.bovigo.org/",
            "time": "2019-08-01T01:38:37+00:00"
        }
    ],
    "aliases": [],
    "minimum-stability": "dev",
    "stability-flags": {
        "phar-io/filesystem": 20
    },
    "prefer-stable": true,
    "prefer-lowest": false,
    "platform": {
        "php": "^7.1",
        "ext-dom": "*",
        "ext-curl": "*"
    },
    "platform-dev": []
}
